
Microsoft Visual Studio Solution File, Format Version 12.00
# Visual Studio Version 17
VisualStudioVersion = 17.3.32901.215
MinimumVisualStudioVersion = 10.0.40219.1
Project("{9A19103F-16F7-4668-BE54-9A1E7A4F7556}") = "AutoMarket", "AutoMarket\AutoMarket.csproj", "{5A54FB5C-A049-485A-92D2-AD4E5FF97B57}"
EndProject
Project("{2150E333-8FDC-42A3-9474-1A3956D46DE8}") = "Domain", "Domain", "{5DA4BE22-83BC-475D-8633-3C2D54A933EE}"
EndProject
Project("{9A19103F-16F7-4668-BE54-9A1E7A4F7556}") = "AutoMarket.Domain", "AutoMarket.Domain\AutoMarket.Domain.csproj", "{192311C1-B90D-4DF9-A38F-6942DC49A6BF}"
EndProject
Project("{2150E333-8FDC-42A3-9474-1A3956D46DE8}") = "DAL", "DAL", "{230E7202-2F9B-45A2-8DC3-98454AB5EA16}"
EndProject
Project("{9A19103F-16F7-4668-BE54-9A1E7A4F7556}") = "AutoMarket.DAL", "AutoMarket.DAL\AutoMarket.DAL.csproj", "{DEB694F4-26FB-4F99-820B-E259F9ECE95C}"
EndProject
Project("{2150E333-8FDC-42A3-9474-1A3956D46DE8}") = "Service", "Service", "{40C3B18D-3E97-4956-A52A-19E5DF3FB05A}"
EndProject
Project("{FAE04EC0-301F-11D3-BF4B-00C04F79EFBC}") = "AutoMarket.Service", "AutoMarket.Service\AutoMarket.Service.csproj", "{CCC0152B-F5C9-4BA3-B6C0-22776E17F986}"
EndProject
Global
	GlobalSection(SolutionConfigurationPlatforms) = preSolution
		Debug|Any CPU = Debug|Any CPU
		Release|Any CPU = Release|Any CPU
	EndGlobalSection
	GlobalSection(ProjectConfigurationPlatforms) = postSolution
		{5A54FB5C-A049-485A-92D2-AD4E5FF97B57}.Debug|Any CPU.ActiveCfg = Debug|Any CPU
		{5A54FB5C-A049-485A-92D2-AD4E5FF97B57}.Debug|Any CPU.Build.0 = Debug|Any CPU
		{5A54FB5C-A049-485A-92D2-AD4E5FF97B57}.Release|Any CPU.ActiveCfg = Release|Any CPU
		{5A54FB5C-A049-485A-92D2-AD4E5FF97B57}.Release|Any CPU.Build.0 = Release|Any CPU
		{192311C1-B90D-4DF9-A38F-6942DC49A6BF}.Debug|Any CPU.ActiveCfg = Debug|Any CPU
		{192311C1-B90D-4DF9-A38F-6942DC49A6BF}.Debug|Any CPU.Build.0 = Debug|Any CPU
		{192311C1-B90D-4DF9-A38F-6942DC49A6BF}.Release|Any CPU.ActiveCfg = Release|Any CPU
		{192311C1-B90D-4DF9-A38F-6942DC49A6BF}.Release|Any CPU.Build.0 = Release|Any CPU
		{DEB694F4-26FB-4F99-820B-E259F9ECE95C}.Debug|Any CPU.ActiveCfg = Debug|Any CPU
		{DEB694F4-26FB-4F99-820B-E259F9ECE95C}.Debug|Any CPU.Build.0 = Debug|Any CPU
		{DEB694F4-26FB-4F99-820B-E259F9ECE95C}.Release|Any CPU.ActiveCfg = Release|Any CPU
		{DEB694F4-26FB-4F99-820B-E259F9ECE95C}.Release|Any CPU.Build.0 = Release|Any CPU
		{CCC0152B-F5C9-4BA3-B6C0-22776E17F986}.Debug|Any CPU.ActiveCfg = Debug|Any CPU
		{CCC0152B-F5C9-4BA3-B6C0-22776E17F986}.Debug|Any CPU.Build.0 = Debug|Any CPU
		{CCC0152B-F5C9-4BA3-B6C0-22776E17F986}.Release|Any CPU.ActiveCfg = Release|Any CPU
		{CCC0152B-F5C9-4BA3-B6C0-22776E17F986}.Release|Any CPU.Build.0 = Release|Any CPU
	EndGlobalSection
	GlobalSection(SolutionProperties) = preSolution
		HideSolutionNode = FALSE
	EndGlobalSection
	GlobalSection(NestedProjects) = preSolution
		{192311C1-B90D-4DF9-A38F-6942DC49A6BF} = {5DA4BE22-83BC-475D-8633-3C2D54A933EE}
		{DEB694F4-26FB-4F99-820B-E259F9ECE95C} = {230E7202-2F9B-45A2-8DC3-98454AB5EA16}
		{CCC0152B-F5C9-4BA3-B6C0-22776E17F986} = {40C3B18D-3E97-4956-A52A-19E5DF3FB05A}
	EndGlobalSection
	GlobalSection(ExtensibilityGlobals) = postSolution
		SolutionGuid = {4411A7C6-71E5-4018-AE17-2172F585835A}
	EndGlobalSection
EndGlobal
